
Microsoft Visual Studio Solution File, Format Version 12.00
# Visual Studio 2015
Project("{FAE04EC0-301F-11D3-BF4B-00C04F79EFBC}") = "3d_trapland.CSharp.Plugins", "3d_trapland.CSharp.Plugins.csproj", "{AE2D69A8-2AE4-9CD6-68C6-F5A26195FA99}"
EndProject
Project("{FAE04EC0-301F-11D3-BF4B-00C04F79EFBC}") = "3d_trapland.CSharp", "3d_trapland.CSharp.csproj", "{BCAB3B52-4557-8D00-9508-A2F56621A1A9}"
EndProject
Project("{FAE04EC0-301F-11D3-BF4B-00C04F79EFBC}") = "3d_trapland.CSharp.Editor", "3d_trapland.CSharp.Editor.csproj", "{2447DC15-C7DD-3179-50D7-F97C1AF314E9}"
EndProject
Global
	GlobalSection(SolutionConfigurationPlatforms) = preSolution
		Debug|Any CPU = Debug|Any CPU
		Release|Any CPU = Release|Any CPU
	EndGlobalSection
	GlobalSection(ProjectConfigurationPlatforms) = postSolution
		{AE2D69A8-2AE4-9CD6-68C6-F5A26195FA99}.Debug|Any CPU.ActiveCfg = Debug|Any CPU
		{AE2D69A8-2AE4-9CD6-68C6-F5A26195FA99}.Debug|Any CPU.Build.0 = Debug|Any CPU
		{AE2D69A8-2AE4-9CD6-68C6-F5A26195FA99}.Release|Any CPU.ActiveCfg = Release|Any CPU
		{AE2D69A8-2AE4-9CD6-68C6-F5A26195FA99}.Release|Any CPU.Build.0 = Release|Any CPU
		{BCAB3B52-4557-8D00-9508-A2F56621A1A9}.Debug|Any CPU.ActiveCfg = Debug|Any CPU
		{BCAB3B52-4557-8D00-9508-A2F56621A1A9}.Debug|Any CPU.Build.0 = Debug|Any CPU
		{BCAB3B52-4557-8D00-9508-A2F56621A1A9}.Release|Any CPU.ActiveCfg = Release|Any CPU
		{BCAB3B52-4557-8D00-9508-A2F56621A1A9}.Release|Any CPU.Build.0 = Release|Any CPU
		{2447DC15-C7DD-3179-50D7-F97C1AF314E9}.Debug|Any CPU.ActiveCfg = Debug|Any CPU
		{2447DC15-C7DD-3179-50D7-F97C1AF314E9}.Debug|Any CPU.Build.0 = Debug|Any CPU
		{2447DC15-C7DD-3179-50D7-F97C1AF314E9}.Release|Any CPU.ActiveCfg = Release|Any CPU
		{2447DC15-C7DD-3179-50D7-F97C1AF314E9}.Release|Any CPU.Build.0 = Release|Any CPU
	EndGlobalSection
	GlobalSection(SolutionProperties) = preSolution
		HideSolutionNode = FALSE
	EndGlobalSection
EndGlobal
